
Microsoft Visual Studio Solution File, Format Version 12.00
# Visual Studio 2012
Project("{FAE04EC0-301F-11D3-BF4B-00C04F79EFBC}") = "ActualCannibalShiaLabeouf", "ActualCannibalShiaLabeouf\ActualCannibalShiaLabeouf.csproj", "{7AF8D8B1-5B54-4CC2-A819-E27D6965DC26}"
EndProject
Global
	GlobalSection(SolutionConfigurationPlatforms) = preSolution
		Debug|Any CPU = Debug|Any CPU
		Release|Any CPU = Release|Any CPU
	EndGlobalSection
	GlobalSection(ProjectConfigurationPlatforms) = postSolution
		{7AF8D8B1-5B54-4CC2-A819-E27D6965DC26}.Debug|Any CPU.ActiveCfg = Debug|Any CPU
		{7AF8D8B1-5B54-4CC2-A819-E27D6965DC26}.Debug|Any CPU.Build.0 = Debug|Any CPU
		{7AF8D8B1-5B54-4CC2-A819-E27D6965DC26}.Release|Any CPU.ActiveCfg = Release|Any CPU
		{7AF8D8B1-5B54-4CC2-A819-E27D6965DC26}.Release|Any CPU.Build.0 = Release|Any CPU
	EndGlobalSection
EndGlobal
